<Solution>
  <Folder Name="/.template.config/">
    <File Path="template.json" />
  </Folder>
  <Project Path="Application/Application.csproj" />
  <Project Path="Domain/Domain.csproj" />
  <Project Path="Infrastructure/Infrastructure.csproj" />
  <Project Path="MyApiTemplate/MyApiTemplate.csproj" />
</Solution>
